
Microsoft Visual Studio Solution File, Format Version 12.00
# Visual Studio Version 16
VisualStudioVersion = 16.0.31424.327
MinimumVisualStudioVersion = 10.0.40219.1
Project("{9A19103F-16F7-4668-BE54-9A1E7A4F7556}") = "Note_Book", "Note_Book\Note_Book.csproj", "{CC2EE5EB-F924-401B-895E-DBC741BC5ED3}"
EndProject
Project("{9A19103F-16F7-4668-BE54-9A1E7A4F7556}") = "Persistence", "Persistence\Persistence.csproj", "{1B696789-5EF7-46CB-ACCB-2AB554D1AD51}"
EndProject
Project("{FAE04EC0-301F-11D3-BF4B-00C04F79EFBC}") = "Domain", "Domain\Domain.csproj", "{C37E1D77-FF99-42F3-A71F-F6800465D886}"
EndProject
Global
	GlobalSection(SolutionConfigurationPlatforms) = preSolution
		Debug|Any CPU = Debug|Any CPU
		Release|Any CPU = Release|Any CPU
	EndGlobalSection
	GlobalSection(ProjectConfigurationPlatforms) = postSolution
		{CC2EE5EB-F924-401B-895E-DBC741BC5ED3}.Debug|Any CPU.ActiveCfg = Debug|Any CPU
		{CC2EE5EB-F924-401B-895E-DBC741BC5ED3}.Debug|Any CPU.Build.0 = Debug|Any CPU
		{CC2EE5EB-F924-401B-895E-DBC741BC5ED3}.Release|Any CPU.ActiveCfg = Release|Any CPU
		{CC2EE5EB-F924-401B-895E-DBC741BC5ED3}.Release|Any CPU.Build.0 = Release|Any CPU
		{1B696789-5EF7-46CB-ACCB-2AB554D1AD51}.Debug|Any CPU.ActiveCfg = Debug|Any CPU
		{1B696789-5EF7-46CB-ACCB-2AB554D1AD51}.Debug|Any CPU.Build.0 = Debug|Any CPU
		{1B696789-5EF7-46CB-ACCB-2AB554D1AD51}.Release|Any CPU.ActiveCfg = Release|Any CPU
		{1B696789-5EF7-46CB-ACCB-2AB554D1AD51}.Release|Any CPU.Build.0 = Release|Any CPU
		{C37E1D77-FF99-42F3-A71F-F6800465D886}.Debug|Any CPU.ActiveCfg = Debug|Any CPU
		{C37E1D77-FF99-42F3-A71F-F6800465D886}.Debug|Any CPU.Build.0 = Debug|Any CPU
		{C37E1D77-FF99-42F3-A71F-F6800465D886}.Release|Any CPU.ActiveCfg = Release|Any CPU
		{C37E1D77-FF99-42F3-A71F-F6800465D886}.Release|Any CPU.Build.0 = Release|Any CPU
	EndGlobalSection
	GlobalSection(SolutionProperties) = preSolution
		HideSolutionNode = FALSE
	EndGlobalSection
	GlobalSection(ExtensibilityGlobals) = postSolution
		SolutionGuid = {29A318FF-E9B8-41D7-A5EA-256A23B2C6D8}
	EndGlobalSection
EndGlobal
